
Microsoft Visual Studio Solution File, Format Version 12.00
# Visual Studio 15
VisualStudioVersion = 15.0.28010.2003
MinimumVisualStudioVersion = 10.0.40219.1
Project("{8BC9CEB8-8B4A-11D0-8D11-00A0C91BC942}") = "Naoyuki_Yokoyama_260_assign2", "Naoyuki_Yokoyama_260_assign2\Naoyuki_Yokoyama_260_assign2.vcxproj", "{62BD5020-6F5D-4B12-8D1F-D7FDC234B8F9}"
EndProject
Global
	GlobalSection(SolutionConfigurationPlatforms) = preSolution
		Debug|x64 = Debug|x64
		Debug|x86 = Debug|x86
		Release|x64 = Release|x64
		Release|x86 = Release|x86
	EndGlobalSection
	GlobalSection(ProjectConfigurationPlatforms) = postSolution
		{62BD5020-6F5D-4B12-8D1F-D7FDC234B8F9}.Debug|x64.ActiveCfg = Debug|x64
		{62BD5020-6F5D-4B12-8D1F-D7FDC234B8F9}.Debug|x64.Build.0 = Debug|x64
		{62BD5020-6F5D-4B12-8D1F-D7FDC234B8F9}.Debug|x86.ActiveCfg = Debug|Win32
		{62BD5020-6F5D-4B12-8D1F-D7FDC234B8F9}.Debug|x86.Build.0 = Debug|Win32
		{62BD5020-6F5D-4B12-8D1F-D7FDC234B8F9}.Release|x64.ActiveCfg = Release|x64
		{62BD5020-6F5D-4B12-8D1F-D7FDC234B8F9}.Release|x64.Build.0 = Release|x64
		{62BD5020-6F5D-4B12-8D1F-D7FDC234B8F9}.Release|x86.ActiveCfg = Release|Win32
		{62BD5020-6F5D-4B12-8D1F-D7FDC234B8F9}.Release|x86.Build.0 = Release|Win32
	EndGlobalSection
	GlobalSection(SolutionProperties) = preSolution
		HideSolutionNode = FALSE
	EndGlobalSection
	GlobalSection(ExtensibilityGlobals) = postSolution
		SolutionGuid = {0D04154C-28FE-4548-ADA5-934C2FFE0C0A}
	EndGlobalSection
EndGlobal
